
Microsoft Visual Studio Solution File, Format Version 12.00
# Visual Studio Version 17
VisualStudioVersion = 17.6.33829.357
MinimumVisualStudioVersion = 10.0.40219.1
Project("{FAE04EC0-301F-11D3-BF4B-00C04F79EFBC}") = "StudentRegistration", "StudentRegistration\StudentRegistration.csproj", "{BF88D4C3-1174-46FB-90C2-9AEDB90094A6}"
EndProject
Global
	GlobalSection(SolutionConfigurationPlatforms) = preSolution
		Debug|Any CPU = Debug|Any CPU
		Release|Any CPU = Release|Any CPU
	EndGlobalSection
	GlobalSection(ProjectConfigurationPlatforms) = postSolution
		{BF88D4C3-1174-46FB-90C2-9AEDB90094A6}.Debug|Any CPU.ActiveCfg = Debug|Any CPU
		{BF88D4C3-1174-46FB-90C2-9AEDB90094A6}.Debug|Any CPU.Build.0 = Debug|Any CPU
		{BF88D4C3-1174-46FB-90C2-9AEDB90094A6}.Release|Any CPU.ActiveCfg = Release|Any CPU
		{BF88D4C3-1174-46FB-90C2-9AEDB90094A6}.Release|Any CPU.Build.0 = Release|Any CPU
	EndGlobalSection
	GlobalSection(SolutionProperties) = preSolution
		HideSolutionNode = FALSE
	EndGlobalSection
	GlobalSection(ExtensibilityGlobals) = postSolution
		SolutionGuid = {883F0D18-1638-4370-9421-56BA04AC1796}
	EndGlobalSection
EndGlobal
